// !$*UTF8*$!
{
	archiveVersion = 1;
	classes = {
	};
	objectVersion = 48;
	objects = {

/* Begin PBXBuildFile section */
		270241751E2024930043CBC3 /* Test.swift in Sources */ = {isa = PBXBuildFile; fileRef = 270241741E2024930043CBC3 /* Test.swift */; };
		270241781E2028010043CBC3 /* NewTestViewController.swift in Sources */ = {isa = PBXBuildFile; fileRef = 270241771E2028010043CBC3 /* NewTestViewController.swift */; };
		2702417A1E202A0C0043CBC3 /* AddNewTestViewController.swift in Sources */ = {isa = PBXBuildFile; fileRef = 270241791E202A0C0043CBC3 /* AddNewTestViewController.swift */; };
		2702417C1E203C4E0043CBC3 /* PickQuestionTableViewController.swift in Sources */ = {isa = PBXBuildFile; fileRef = 2702417B1E203C4E0043CBC3 /* PickQuestionTableViewController.swift */; };
		2703856B1DE4E632009D6540 /* Realm.framework in Frameworks */ = {isa = PBXBuildFile; fileRef = 270385691DE4E632009D6540 /* Realm.framework */; };
		2703856C1DE4E632009D6540 /* Realm.framework in Embed Frameworks */ = {isa = PBXBuildFile; fileRef = 270385691DE4E632009D6540 /* Realm.framework */; settings = {ATTRIBUTES = (CodeSignOnCopy, RemoveHeadersOnCopy, ); }; };
		2703856D1DE4E632009D6540 /* RealmSwift.framework in Frameworks */ = {isa = PBXBuildFile; fileRef = 2703856A1DE4E632009D6540 /* RealmSwift.framework */; };
		2703856E1DE4E632009D6540 /* RealmSwift.framework in Embed Frameworks */ = {isa = PBXBuildFile; fileRef = 2703856A1DE4E632009D6540 /* RealmSwift.framework */; settings = {ATTRIBUTES = (CodeSignOnCopy, RemoveHeadersOnCopy, ); }; };
		270385701DE4E668009D6540 /* Question.swift in Sources */ = {isa = PBXBuildFile; fileRef = 2703856F1DE4E668009D6540 /* Question.swift */; };
		270385731DE4FA4C009D6540 /* Answer.swift in Sources */ = {isa = PBXBuildFile; fileRef = 270385721DE4FA4C009D6540 /* Answer.swift */; };
		270385751DE4FA70009D6540 /* DaoManager.swift in Sources */ = {isa = PBXBuildFile; fileRef = 270385741DE4FA70009D6540 /* DaoManager.swift */; };
		270385791DE78E0E009D6540 /* ExamViewController.swift in Sources */ = {isa = PBXBuildFile; fileRef = 270385781DE78E0E009D6540 /* ExamViewController.swift */; };
		2717620E1E05838C004DEF8C /* Main.storyboard in Resources */ = {isa = PBXBuildFile; fileRef = 2717620D1E05838C004DEF8C /* Main.storyboard */; };
		272CBE2F1E28E7F2001ACD90 /* TmpPickedTest.swift in Sources */ = {isa = PBXBuildFile; fileRef = 272CBE2E1E28E7F2001ACD90 /* TmpPickedTest.swift */; };
		275EFA661E115EBD00CA1309 /* SubjectsTableViewCell.swift in Sources */ = {isa = PBXBuildFile; fileRef = 275EFA651E115EBD00CA1309 /* SubjectsTableViewCell.swift */; };
		275EFA681E11635C00CA1309 /* CategoriesTableViewCell.swift in Sources */ = {isa = PBXBuildFile; fileRef = 275EFA671E11635C00CA1309 /* CategoriesTableViewCell.swift */; };
		275EFA6A1E1163CB00CA1309 /* AllTableViewCell.swift in Sources */ = {isa = PBXBuildFile; fileRef = 275EFA691E1163CB00CA1309 /* AllTableViewCell.swift */; };
		276B10C51E0569340099FBBB /* AddOrEditQuestionViewController.swift in Sources */ = {isa = PBXBuildFile; fileRef = 276B10C41E0569340099FBBB /* AddOrEditQuestionViewController.swift */; };
		277203AF1E227F8E00767C8A /* TestsDataBaseViewController.swift in Sources */ = {isa = PBXBuildFile; fileRef = 277203AE1E227F8E00767C8A /* TestsDataBaseViewController.swift */; };
		277203B11E22811200767C8A /* TestsDataBaseTableViewController.swift in Sources */ = {isa = PBXBuildFile; fileRef = 277203B01E22811200767C8A /* TestsDataBaseTableViewController.swift */; };
		277203B51E22D85500767C8A /* TestsDataBaseTableViewCell.swift in Sources */ = {isa = PBXBuildFile; fileRef = 277203B41E22D85500767C8A /* TestsDataBaseTableViewCell.swift */; };
		277203B71E22E68200767C8A /* TestDetailsViewController.swift in Sources */ = {isa = PBXBuildFile; fileRef = 277203B61E22E68200767C8A /* TestDetailsViewController.swift */; };
		277203B91E22F12F00767C8A /* TestQuestionsTableViewController.swift in Sources */ = {isa = PBXBuildFile; fileRef = 277203B81E22F12E00767C8A /* TestQuestionsTableViewController.swift */; };
		277203BB1E22F40D00767C8A /* TestQuestionsTableViewCell.swift in Sources */ = {isa = PBXBuildFile; fileRef = 277203BA1E22F40D00767C8A /* TestQuestionsTableViewCell.swift */; };
		2792FCD01E12F78100748BF7 /* ShowQuestionViewController.swift in Sources */ = {isa = PBXBuildFile; fileRef = 2792FCCF1E12F78100748BF7 /* ShowQuestionViewController.swift */; };
		27A4FCBA1E2662F40026FAAF /* ExamTestsViewController.swift in Sources */ = {isa = PBXBuildFile; fileRef = 27A4FCB91E2662F40026FAAF /* ExamTestsViewController.swift */; };
		27A4FCBC1E2664320026FAAF /* ExamTestsTableViewController.swift in Sources */ = {isa = PBXBuildFile; fileRef = 27A4FCBB1E2664320026FAAF /* ExamTestsTableViewController.swift */; };
		27A4FCBE1E2665290026FAAF /* ExamTestsTableViewCell.swift in Sources */ = {isa = PBXBuildFile; fileRef = 27A4FCBD1E2665290026FAAF /* ExamTestsTableViewCell.swift */; };
		27BFBC7E1E05EC58009FF425 /* SubjectsTableViewController.swift in Sources */ = {isa = PBXBuildFile; fileRef = 27BFBC7D1E05EC58009FF425 /* SubjectsTableViewController.swift */; };
		27BFBC801E05EC64009FF425 /* CategoriesTableViewController.swift in Sources */ = {isa = PBXBuildFile; fileRef = 27BFBC7F1E05EC64009FF425 /* CategoriesTableViewController.swift */; };
		27BFBC841E05EC84009FF425 /* AllTableViewController.swift in Sources */ = {isa = PBXBuildFile; fileRef = 27BFBC831E05EC84009FF425 /* AllTableViewController.swift */; };
		27C575061E215EAC00AC17EC /* TmpPickedQuestions.swift in Sources */ = {isa = PBXBuildFile; fileRef = 27C575051E215EAC00AC17EC /* TmpPickedQuestions.swift */; };
		27C575081E216B9B00AC17EC /* PickedQuestionTableViewCell.swift in Sources */ = {isa = PBXBuildFile; fileRef = 27C575071E216B9B00AC17EC /* PickedQuestionTableViewCell.swift */; };
		27CB47951E0673710073BC31 /* TextFieldValidator.swift in Sources */ = {isa = PBXBuildFile; fileRef = 27CB47941E0673710073BC31 /* TextFieldValidator.swift */; };
		27D972541E296E180053E044 /* StudentTest.swift in Sources */ = {isa = PBXBuildFile; fileRef = 27D972531E296E180053E044 /* StudentTest.swift */; };
		27D972561E296E770053E044 /* StudentQuestion.swift in Sources */ = {isa = PBXBuildFile; fileRef = 27D972551E296E770053E044 /* StudentQuestion.swift */; };
		27D972581E296F490053E044 /* StudentAnswer.swift in Sources */ = {isa = PBXBuildFile; fileRef = 27D972571E296F490053E044 /* StudentAnswer.swift */; };
		27E459D21DDDC56C006099F4 /* AppDelegate.swift in Sources */ = {isa = PBXBuildFile; fileRef = 27E459D11DDDC56C006099F4 /* AppDelegate.swift */; };
		27E459DF1DDDC56C006099F4 /* LaunchScreen.storyboard in Resources */ = {isa = PBXBuildFile; fileRef = 27E459DD1DDDC56C006099F4 /* LaunchScreen.storyboard */; };
		27E459E91DDDC62C006099F4 /* MainMenuViewController.swift in Sources */ = {isa = PBXBuildFile; fileRef = 27E459E81DDDC62C006099F4 /* MainMenuViewController.swift */; };
		27E459EF1DDDD6DF006099F4 /* MainStudentViewController.swift in Sources */ = {isa = PBXBuildFile; fileRef = 27E459EE1DDDD6DF006099F4 /* MainStudentViewController.swift */; };
		27E459F41DDE435A006099F4 /* Media.xcassets in Resources */ = {isa = PBXBuildFile; fileRef = 27E459F31DDE435A006099F4 /* Media.xcassets */; };
		27EE27B21E13F0C6001E74BC /* MainTeacherMenuViewController.swift in Sources */ = {isa = PBXBuildFile; fileRef = 27EE27B11E13F0C6001E74BC /* MainTeacherMenuViewController.swift */; };
		27F67BFE1DFC43DA003491A6 /* questionicon_22.png in Resources */ = {isa = PBXBuildFile; fileRef = 27F67BFA1DFC43DA003491A6 /* questionicon_22.png */; };
		27F67BFF1DFC43DA003491A6 /* questionicon_44.png in Resources */ = {isa = PBXBuildFile; fileRef = 27F67BFB1DFC43DA003491A6 /* questionicon_44.png */; };
		27F67C001DFC43DA003491A6 /* questionicon_64.png in Resources */ = {isa = PBXBuildFile; fileRef = 27F67BFC1DFC43DA003491A6 /* questionicon_64.png */; };
		27F67C011DFC43DA003491A6 /* questionicon_320.png in Resources */ = {isa = PBXBuildFile; fileRef = 27F67BFD1DFC43DA003491A6 /* questionicon_320.png */; };
		27FBD46D1E24F23F00E11B3F /* TPKeyboardAvoidingCollectionView.m in Sources */ = {isa = PBXBuildFile; fileRef = 27FBD4661E24F23F00E11B3F /* TPKeyboardAvoidingCollectionView.m */; };
		27FBD46E1E24F23F00E11B3F /* TPKeyboardAvoidingScrollView.m in Sources */ = {isa = PBXBuildFile; fileRef = 27FBD4681E24F23F00E11B3F /* TPKeyboardAvoidingScrollView.m */; };
		27FBD46F1E24F23F00E11B3F /* TPKeyboardAvoidingTableView.m in Sources */ = {isa = PBXBuildFile; fileRef = 27FBD46A1E24F23F00E11B3F /* TPKeyboardAvoidingTableView.m */; };
		27FBD4701E24F23F00E11B3F /* UIScrollView+TPKeyboardAvoidingAdditions.m in Sources */ = {isa = PBXBuildFile; fileRef = 27FBD46C1E24F23F00E11B3F /* UIScrollView+TPKeyboardAvoidingAdditions.m */; };
/* End PBXBuildFile section */

/* Begin PBXCopyFilesBuildPhase section */
		272211DA1DE4E4DB003B2266 /* Embed Frameworks */ = {
			isa = PBXCopyFilesBuildPhase;
			buildActionMask = 2147483647;
			dstPath = "";
			dstSubfolderSpec = 10;
			files = (
				2703856E1DE4E632009D6540 /* RealmSwift.framework in Embed Frameworks */,
				2703856C1DE4E632009D6540 /* Realm.framework in Embed Frameworks */,
			);
			name = "Embed Frameworks";
			runOnlyForDeploymentPostprocessing = 0;
		};
/* End PBXCopyFilesBuildPhase section */

/* Begin PBXFileReference section */
		270241741E2024930043CBC3 /* Test.swift */ = {isa = PBXFileReference; fileEncoding = 4; lastKnownFileType = sourcecode.swift; path = Test.swift; sourceTree = "<group>"; };
		270241771E2028010043CBC3 /* NewTestViewController.swift */ = {isa = PBXFileReference; fileEncoding = 4; lastKnownFileType = sourcecode.swift; path = NewTestViewController.swift; sourceTree = "<group>"; };
		270241791E202A0C0043CBC3 /* AddNewTestViewController.swift */ = {isa = PBXFileReference; fileEncoding = 4; lastKnownFileType = sourcecode.swift; path = AddNewTestViewController.swift; sourceTree = "<group>"; };
		2702417B1E203C4E0043CBC3 /* PickQuestionTableViewController.swift */ = {isa = PBXFileReference; fileEncoding = 4; lastKnownFileType = sourcecode.swift; path = PickQuestionTableViewController.swift; sourceTree = "<group>"; };
		270385691DE4E632009D6540 /* Realm.framework */ = {isa = PBXFileReference; lastKnownFileType = wrapper.framework; path = Realm.framework; sourceTree = "<group>"; };
		2703856A1DE4E632009D6540 /* RealmSwift.framework */ = {isa = PBXFileReference; lastKnownFileType = wrapper.framework; path = RealmSwift.framework; sourceTree = "<group>"; };
		2703856F1DE4E668009D6540 /* Question.swift */ = {isa = PBXFileReference; fileEncoding = 4; lastKnownFileType = sourcecode.swift; path = Question.swift; sourceTree = "<group>"; };
		270385721DE4FA4C009D6540 /* Answer.swift */ = {isa = PBXFileReference; fileEncoding = 4; lastKnownFileType = sourcecode.swift; path = Answer.swift; sourceTree = "<group>"; };
		270385741DE4FA70009D6540 /* DaoManager.swift */ = {isa = PBXFileReference; fileEncoding = 4; lastKnownFileType = sourcecode.swift; path = DaoManager.swift; sourceTree = "<group>"; };
		270385781DE78E0E009D6540 /* ExamViewController.swift */ = {isa = PBXFileReference; fileEncoding = 4; lastKnownFileType = sourcecode.swift; path = ExamViewController.swift; sourceTree = "<group>"; };
		2717620D1E05838C004DEF8C /* Main.storyboard */ = {isa = PBXFileReference; fileEncoding = 4; lastKnownFileType = file.storyboard; path = Main.storyboard; sourceTree = "<group>"; };
		272CBE2E1E28E7F2001ACD90 /* TmpPickedTest.swift */ = {isa = PBXFileReference; fileEncoding = 4; lastKnownFileType = sourcecode.swift; path = TmpPickedTest.swift; sourceTree = "<group>"; };
		275EFA651E115EBD00CA1309 /* SubjectsTableViewCell.swift */ = {isa = PBXFileReference; fileEncoding = 4; lastKnownFileType = sourcecode.swift; path = SubjectsTableViewCell.swift; sourceTree = "<group>"; };
		275EFA671E11635C00CA1309 /* CategoriesTableViewCell.swift */ = {isa = PBXFileReference; fileEncoding = 4; lastKnownFileType = sourcecode.swift; path = CategoriesTableViewCell.swift; sourceTree = "<group>"; };
		275EFA691E1163CB00CA1309 /* AllTableViewCell.swift */ = {isa = PBXFileReference; fileEncoding = 4; lastKnownFileType = sourcecode.swift; path = AllTableViewCell.swift; sourceTree = "<group>"; };
		276B10C41E0569340099FBBB /* AddOrEditQuestionViewController.swift */ = {isa = PBXFileReference; fileEncoding = 4; lastKnownFileType = sourcecode.swift; path = AddOrEditQuestionViewController.swift; sourceTree = "<group>"; };
		277203AE1E227F8E00767C8A /* TestsDataBaseViewController.swift */ = {isa = PBXFileReference; fileEncoding = 4; lastKnownFileType = sourcecode.swift; path = TestsDataBaseViewController.swift; sourceTree = "<group>"; };
		277203B01E22811200767C8A /* TestsDataBaseTableViewController.swift */ = {isa = PBXFileReference; fileEncoding = 4; lastKnownFileType = sourcecode.swift; path = TestsDataBaseTableViewController.swift; sourceTree = "<group>"; };
		277203B41E22D85500767C8A /* TestsDataBaseTableViewCell.swift */ = {isa = PBXFileReference; fileEncoding = 4; lastKnownFileType = sourcecode.swift; path = TestsDataBaseTableViewCell.swift; sourceTree = "<group>"; };
		277203B61E22E68200767C8A /* TestDetailsViewController.swift */ = {isa = PBXFileReference; fileEncoding = 4; lastKnownFileType = sourcecode.swift; path = TestDetailsViewController.swift; sourceTree = "<group>"; };
		277203B81E22F12E00767C8A /* TestQuestionsTableViewController.swift */ = {isa = PBXFileReference; fileEncoding = 4; lastKnownFileType = sourcecode.swift; path = TestQuestionsTableViewController.swift; sourceTree = "<group>"; };
		277203BA1E22F40D00767C8A /* TestQuestionsTableViewCell.swift */ = {isa = PBXFileReference; fileEncoding = 4; lastKnownFileType = sourcecode.swift; path = TestQuestionsTableViewCell.swift; sourceTree = "<group>"; };
		2792FCCF1E12F78100748BF7 /* ShowQuestionViewController.swift */ = {isa = PBXFileReference; fileEncoding = 4; lastKnownFileType = sourcecode.swift; path = ShowQuestionViewController.swift; sourceTree = "<group>"; };
		27A4FCB91E2662F40026FAAF /* ExamTestsViewController.swift */ = {isa = PBXFileReference; fileEncoding = 4; lastKnownFileType = sourcecode.swift; path = ExamTestsViewController.swift; sourceTree = "<group>"; };
		27A4FCBB1E2664320026FAAF /* ExamTestsTableViewController.swift */ = {isa = PBXFileReference; fileEncoding = 4; lastKnownFileType = sourcecode.swift; path = ExamTestsTableViewController.swift; sourceTree = "<group>"; };
		27A4FCBD1E2665290026FAAF /* ExamTestsTableViewCell.swift */ = {isa = PBXFileReference; fileEncoding = 4; lastKnownFileType = sourcecode.swift; path = ExamTestsTableViewCell.swift; sourceTree = "<group>"; };
		27BFBC7D1E05EC58009FF425 /* SubjectsTableViewController.swift */ = {isa = PBXFileReference; fileEncoding = 4; lastKnownFileType = sourcecode.swift; path = SubjectsTableViewController.swift; sourceTree = "<group>"; };
		27BFBC7F1E05EC64009FF425 /* CategoriesTableViewController.swift */ = {isa = PBXFileReference; fileEncoding = 4; lastKnownFileType = sourcecode.swift; path = CategoriesTableViewController.swift; sourceTree = "<group>"; };
		27BFBC831E05EC84009FF425 /* AllTableViewController.swift */ = {isa = PBXFileReference; fileEncoding = 4; lastKnownFileType = sourcecode.swift; path = AllTableViewController.swift; sourceTree = "<group>"; };
		27C575051E215EAC00AC17EC /* TmpPickedQuestions.swift */ = {isa = PBXFileReference; fileEncoding = 4; lastKnownFileType = sourcecode.swift; path = TmpPickedQuestions.swift; sourceTree = "<group>"; };
		27C575071E216B9B00AC17EC /* PickedQuestionTableViewCell.swift */ = {isa = PBXFileReference; fileEncoding = 4; lastKnownFileType = sourcecode.swift; path = PickedQuestionTableViewCell.swift; sourceTree = "<group>"; };
		27CB47941E0673710073BC31 /* TextFieldValidator.swift */ = {isa = PBXFileReference; fileEncoding = 4; lastKnownFileType = sourcecode.swift; path = TextFieldValidator.swift; sourceTree = "<group>"; };
		27D972531E296E180053E044 /* StudentTest.swift */ = {isa = PBXFileReference; fileEncoding = 4; lastKnownFileType = sourcecode.swift; path = StudentTest.swift; sourceTree = "<group>"; };
		27D972551E296E770053E044 /* StudentQuestion.swift */ = {isa = PBXFileReference; fileEncoding = 4; lastKnownFileType = sourcecode.swift; path = StudentQuestion.swift; sourceTree = "<group>"; };
		27D972571E296F490053E044 /* StudentAnswer.swift */ = {isa = PBXFileReference; fileEncoding = 4; lastKnownFileType = sourcecode.swift; path = StudentAnswer.swift; sourceTree = "<group>"; };
		27E459CE1DDDC56C006099F4 /* Engineering Thesis.app */ = {isa = PBXFileReference; explicitFileType = wrapper.application; includeInIndex = 0; path = "Engineering Thesis.app"; sourceTree = BUILT_PRODUCTS_DIR; };
		27E459D11DDDC56C006099F4 /* AppDelegate.swift */ = {isa = PBXFileReference; lastKnownFileType = sourcecode.swift; path = AppDelegate.swift; sourceTree = "<group>"; };
		27E459DE1DDDC56C006099F4 /* Base */ = {isa = PBXFileReference; lastKnownFileType = file.storyboard; name = Base; path = Base.lproj/LaunchScreen.storyboard; sourceTree = "<group>"; };
		27E459E01DDDC56C006099F4 /* Info.plist */ = {isa = PBXFileReference; lastKnownFileType = text.plist.xml; path = Info.plist; sourceTree = "<group>"; };
		27E459E81DDDC62C006099F4 /* MainMenuViewController.swift */ = {isa = PBXFileReference; fileEncoding = 4; lastKnownFileType = sourcecode.swift; path = MainMenuViewController.swift; sourceTree = "<group>"; };
		27E459EE1DDDD6DF006099F4 /* MainStudentViewController.swift */ = {isa = PBXFileReference; fileEncoding = 4; lastKnownFileType = sourcecode.swift; path = MainStudentViewController.swift; sourceTree = "<group>"; };
		27E459F31DDE435A006099F4 /* Media.xcassets */ = {isa = PBXFileReference; lastKnownFileType = folder.assetcatalog; path = Media.xcassets; sourceTree = "<group>"; };
		27EE27B11E13F0C6001E74BC /* MainTeacherMenuViewController.swift */ = {isa = PBXFileReference; fileEncoding = 4; lastKnownFileType = sourcecode.swift; path = MainTeacherMenuViewController.swift; sourceTree = "<group>"; };
		27F67BFA1DFC43DA003491A6 /* questionicon_22.png */ = {isa = PBXFileReference; lastKnownFileType = image.png; path = questionicon_22.png; sourceTree = "<group>"; };
		27F67BFB1DFC43DA003491A6 /* questionicon_44.png */ = {isa = PBXFileReference; lastKnownFileType = image.png; path = questionicon_44.png; sourceTree = "<group>"; };
		27F67BFC1DFC43DA003491A6 /* questionicon_64.png */ = {isa = PBXFileReference; lastKnownFileType = image.png; path = questionicon_64.png; sourceTree = "<group>"; };
		27F67BFD1DFC43DA003491A6 /* questionicon_320.png */ = {isa = PBXFileReference; lastKnownFileType = image.png; path = questionicon_320.png; sourceTree = "<group>"; };
		27FBD4641E24F23E00E11B3F /* Engineering Thesis-Bridging-Header.h */ = {isa = PBXFileReference; lastKnownFileType = sourcecode.c.h; path = "Engineering Thesis-Bridging-Header.h"; sourceTree = "<group>"; };
		27FBD4651E24F23F00E11B3F /* TPKeyboardAvoidingCollectionView.h */ = {isa = PBXFileReference; fileEncoding = 4; lastKnownFileType = sourcecode.c.h; path = TPKeyboardAvoidingCollectionView.h; sourceTree = "<group>"; };
		27FBD4661E24F23F00E11B3F /* TPKeyboardAvoidingCollectionView.m */ = {isa = PBXFileReference; fileEncoding = 4; lastKnownFileType = sourcecode.c.objc; path = TPKeyboardAvoidingCollectionView.m; sourceTree = "<group>"; };
		27FBD4671E24F23F00E11B3F /* TPKeyboardAvoidingScrollView.h */ = {isa = PBXFileReference; fileEncoding = 4; lastKnownFileType = sourcecode.c.h; path = TPKeyboardAvoidingScrollView.h; sourceTree = "<group>"; };
		27FBD4681E24F23F00E11B3F /* TPKeyboardAvoidingScrollView.m */ = {isa = PBXFileReference; fileEncoding = 4; lastKnownFileType = sourcecode.c.objc; path = TPKeyboardAvoidingScrollView.m; sourceTree = "<group>"; };
		27FBD4691E24F23F00E11B3F /* TPKeyboardAvoidingTableView.h */ = {isa = PBXFileReference; fileEncoding = 4; lastKnownFileType = sourcecode.c.h; path = TPKeyboardAvoidingTableView.h; sourceTree = "<group>"; };
		27FBD46A1E24F23F00E11B3F /* TPKeyboardAvoidingTableView.m */ = {isa = PBXFileReference; fileEncoding = 4; lastKnownFileType = sourcecode.c.objc; path = TPKeyboardAvoidingTableView.m; sourceTree = "<group>"; };
		27FBD46B1E24F23F00E11B3F /* UIScrollView+TPKeyboardAvoidingAdditions.h */ = {isa = PBXFileReference; fileEncoding = 4; lastKnownFileType = sourcecode.c.h; path = "UIScrollView+TPKeyboardAvoidingAdditions.h"; sourceTree = "<group>"; };
		27FBD46C1E24F23F00E11B3F /* UIScrollView+TPKeyboardAvoidingAdditions.m */ = {isa = PBXFileReference; fileEncoding = 4; lastKnownFileType = sourcecode.c.objc; path = "UIScrollView+TPKeyboardAvoidingAdditions.m"; sourceTree = "<group>"; };
/* End PBXFileReference section */

/* Begin PBXFrameworksBuildPhase section */
		27E459CB1DDDC56B006099F4 /* Frameworks */ = {
			isa = PBXFrameworksBuildPhase;
			buildActionMask = 2147483647;
			files = (
				2703856D1DE4E632009D6540 /* RealmSwift.framework in Frameworks */,
				2703856B1DE4E632009D6540 /* Realm.framework in Frameworks */,
			);
			runOnlyForDeploymentPostprocessing = 0;
		};
/* End PBXFrameworksBuildPhase section */

/* Begin PBXGroup section */
		270241761E20256A0043CBC3 /* Tests Data Base */ = {
			isa = PBXGroup;
			children = (
				270241771E2028010043CBC3 /* NewTestViewController.swift */,
				270241791E202A0C0043CBC3 /* AddNewTestViewController.swift */,
				2702417B1E203C4E0043CBC3 /* PickQuestionTableViewController.swift */,
				27C575071E216B9B00AC17EC /* PickedQuestionTableViewCell.swift */,
				277203AE1E227F8E00767C8A /* TestsDataBaseViewController.swift */,
				277203B01E22811200767C8A /* TestsDataBaseTableViewController.swift */,
				277203B41E22D85500767C8A /* TestsDataBaseTableViewCell.swift */,
				277203B61E22E68200767C8A /* TestDetailsViewController.swift */,
				277203B81E22F12E00767C8A /* TestQuestionsTableViewController.swift */,
				277203BA1E22F40D00767C8A /* TestQuestionsTableViewCell.swift */,
			);
			name = "Tests Data Base";
			sourceTree = "<group>";
		};
		27BFBC7C1E05EC3D009FF425 /* Questions Data Base */ = {
			isa = PBXGroup;
			children = (
				276B10C41E0569340099FBBB /* AddOrEditQuestionViewController.swift */,
				27BFBC7D1E05EC58009FF425 /* SubjectsTableViewController.swift */,
				27BFBC7F1E05EC64009FF425 /* CategoriesTableViewController.swift */,
				27BFBC831E05EC84009FF425 /* AllTableViewController.swift */,
				275EFA651E115EBD00CA1309 /* SubjectsTableViewCell.swift */,
				275EFA671E11635C00CA1309 /* CategoriesTableViewCell.swift */,
				2792FCCF1E12F78100748BF7 /* ShowQuestionViewController.swift */,
				275EFA691E1163CB00CA1309 /* AllTableViewCell.swift */,
			);
			name = "Questions Data Base";
			sourceTree = "<group>";
		};
		27E459C51DDDC56B006099F4 = {
			isa = PBXGroup;
			children = (
				270385691DE4E632009D6540 /* Realm.framework */,
				2703856A1DE4E632009D6540 /* RealmSwift.framework */,
				27E459D01DDDC56C006099F4 /* Engineering Thesis */,
				27E459CF1DDDC56C006099F4 /* Products */,
			);
			sourceTree = "<group>";
		};
		27E459CF1DDDC56C006099F4 /* Products */ = {
			isa = PBXGroup;
			children = (
				27E459CE1DDDC56C006099F4 /* Engineering Thesis.app */,
			);
			name = Products;
			sourceTree = "<group>";
		};
		27E459D01DDDC56C006099F4 /* Engineering Thesis */ = {
			isa = PBXGroup;
			children = (
				2717620D1E05838C004DEF8C /* Main.storyboard */,
				27E459ED1DDDD6C6006099F4 /* Teacher */,
				27E459F01DDDD6EE006099F4 /* Student */,
				27E459EA1DDDC63F006099F4 /* MainMenu */,
				27E459E71DDDC5DF006099F4 /* Core Data */,
				27F67BE91DFC28A4003491A6 /* Icons */,
				27FBD4631E24F1F300E11B3F /* Framework */,
				27E459E61DDDC5CB006099F4 /* Supporting Files */,
			);
			path = "Engineering Thesis";
			sourceTree = "<group>";
		};
		27E459E61DDDC5CB006099F4 /* Supporting Files */ = {
			isa = PBXGroup;
			children = (
				27E459D11DDDC56C006099F4 /* AppDelegate.swift */,
				27E459F31DDE435A006099F4 /* Media.xcassets */,
				27E459DD1DDDC56C006099F4 /* LaunchScreen.storyboard */,
				27E459E01DDDC56C006099F4 /* Info.plist */,
			);
			name = "Supporting Files";
			sourceTree = "<group>";
		};
		27E459E71DDDC5DF006099F4 /* Core Data */ = {
			isa = PBXGroup;
			children = (
				270385741DE4FA70009D6540 /* DaoManager.swift */,
				2703856F1DE4E668009D6540 /* Question.swift */,
				270385721DE4FA4C009D6540 /* Answer.swift */,
				270241741E2024930043CBC3 /* Test.swift */,
				27C575051E215EAC00AC17EC /* TmpPickedQuestions.swift */,
				272CBE2E1E28E7F2001ACD90 /* TmpPickedTest.swift */,
				27D972531E296E180053E044 /* StudentTest.swift */,
				27D972551E296E770053E044 /* StudentQuestion.swift */,
				27D972571E296F490053E044 /* StudentAnswer.swift */,
			);
			name = "Core Data";
			sourceTree = "<group>";
		};
		27E459EA1DDDC63F006099F4 /* MainMenu */ = {
			isa = PBXGroup;
			children = (
				27E459E81DDDC62C006099F4 /* MainMenuViewController.swift */,
				27EE27B11E13F0C6001E74BC /* MainTeacherMenuViewController.swift */,
			);
			name = MainMenu;
			sourceTree = "<group>";
		};
		27E459ED1DDDD6C6006099F4 /* Teacher */ = {
			isa = PBXGroup;
			children = (
				27EB2D1F1E25835200150B94 /* Exam */,
				270241761E20256A0043CBC3 /* Tests Data Base */,
				27BFBC7C1E05EC3D009FF425 /* Questions Data Base */,
				27CB47941E0673710073BC31 /* TextFieldValidator.swift */,
			);
			name = Teacher;
			sourceTree = "<group>";
		};
		27E459F01DDDD6EE006099F4 /* Student */ = {
			isa = PBXGroup;
			children = (
				27E459EE1DDDD6DF006099F4 /* MainStudentViewController.swift */,
			);
			name = Student;
			sourceTree = "<group>";
		};
		27EB2D1F1E25835200150B94 /* Exam */ = {
			isa = PBXGroup;
			children = (
				270385781DE78E0E009D6540 /* ExamViewController.swift */,
				27A4FCB91E2662F40026FAAF /* ExamTestsViewController.swift */,
				27A4FCBB1E2664320026FAAF /* ExamTestsTableViewController.swift */,
				27A4FCBD1E2665290026FAAF /* ExamTestsTableViewCell.swift */,
			);
			name = Exam;
			sourceTree = "<group>";
		};
		27F67BE91DFC28A4003491A6 /* Icons */ = {
			isa = PBXGroup;
			children = (
				27F67BFA1DFC43DA003491A6 /* questionicon_22.png */,
				27F67BFB1DFC43DA003491A6 /* questionicon_44.png */,
				27F67BFC1DFC43DA003491A6 /* questionicon_64.png */,
				27F67BFD1DFC43DA003491A6 /* questionicon_320.png */,
			);
			name = Icons;
			sourceTree = "<group>";
		};
		27FBD4631E24F1F300E11B3F /* Framework */ = {
			isa = PBXGroup;
			children = (
				27FBD4651E24F23F00E11B3F /* TPKeyboardAvoidingCollectionView.h */,
				27FBD4661E24F23F00E11B3F /* TPKeyboardAvoidingCollectionView.m */,
				27FBD4671E24F23F00E11B3F /* TPKeyboardAvoidingScrollView.h */,
				27FBD4681E24F23F00E11B3F /* TPKeyboardAvoidingScrollView.m */,
				27FBD4691E24F23F00E11B3F /* TPKeyboardAvoidingTableView.h */,
				27FBD46A1E24F23F00E11B3F /* TPKeyboardAvoidingTableView.m */,
				27FBD46B1E24F23F00E11B3F /* UIScrollView+TPKeyboardAvoidingAdditions.h */,
				27FBD46C1E24F23F00E11B3F /* UIScrollView+TPKeyboardAvoidingAdditions.m */,
				27FBD4641E24F23E00E11B3F /* Engineering Thesis-Bridging-Header.h */,
			);
			name = Framework;
			sourceTree = "<group>";
		};
/* End PBXGroup section */

/* Begin PBXNativeTarget section */
		27E459CD1DDDC56B006099F4 /* Engineering Thesis */ = {
			isa = PBXNativeTarget;
			buildConfigurationList = 27E459E31DDDC56C006099F4 /* Build configuration list for PBXNativeTarget "Engineering Thesis" */;
			buildPhases = (
				27E459CA1DDDC56B006099F4 /* Sources */,
				27E459CB1DDDC56B006099F4 /* Frameworks */,
				27E459CC1DDDC56B006099F4 /* Resources */,
				272211DA1DE4E4DB003B2266 /* Embed Frameworks */,
				270385711DE4E9AB009D6540 /* ShellScript */,
			);
			buildRules = (
			);
			dependencies = (
			);
			name = "Engineering Thesis";
			productName = "Engineering Thesis";
			productReference = 27E459CE1DDDC56C006099F4 /* Engineering Thesis.app */;
			productType = "com.apple.product-type.application";
		};
/* End PBXNativeTarget section */

/* Begin PBXProject section */
		27E459C61DDDC56B006099F4 /* Project object */ = {
			isa = PBXProject;
			attributes = {
				LastSwiftUpdateCheck = 0810;
				LastUpgradeCheck = 0820;
				ORGANIZATIONNAME = "Jakub Gac";
				TargetAttributes = {
					27E459CD1DDDC56B006099F4 = {
						CreatedOnToolsVersion = 8.1;
						LastSwiftMigration = 0820;
						ProvisioningStyle = Automatic;
					};
				};
			};
			buildConfigurationList = 27E459C91DDDC56B006099F4 /* Build configuration list for PBXProject "Engineering Thesis" */;
			compatibilityVersion = "Xcode 8.0";
			developmentRegion = English;
			hasScannedForEncodings = 0;
			knownRegions = (
				en,
				Base,
			);
			mainGroup = 27E459C51DDDC56B006099F4;
			productRefGroup = 27E459CF1DDDC56C006099F4 /* Products */;
			projectDirPath = "";
			projectRoot = "";
			targets = (
				27E459CD1DDDC56B006099F4 /* Engineering Thesis */,
			);
		};
/* End PBXProject section */

/* Begin PBXResourcesBuildPhase section */
		27E459CC1DDDC56B006099F4 /* Resources */ = {
			isa = PBXResourcesBuildPhase;
			buildActionMask = 2147483647;
			files = (
				2717620E1E05838C004DEF8C /* Main.storyboard in Resources */,
				27F67BFE1DFC43DA003491A6 /* questionicon_22.png in Resources */,
				27F67BFF1DFC43DA003491A6 /* questionicon_44.png in Resources */,
				27F67C001DFC43DA003491A6 /* questionicon_64.png in Resources */,
				27E459DF1DDDC56C006099F4 /* LaunchScreen.storyboard in Resources */,
				27E459F41DDE435A006099F4 /* Media.xcassets in Resources */,
				27F67C011DFC43DA003491A6 /* questionicon_320.png in Resources */,
			);
			runOnlyForDeploymentPostprocessing = 0;
		};
/* End PBXResourcesBuildPhase section */

/* Begin PBXShellScriptBuildPhase section */
		270385711DE4E9AB009D6540 /* ShellScript */ = {
			isa = PBXShellScriptBuildPhase;
			buildActionMask = 2147483647;
			files = (
			);
			inputPaths = (
			);
			outputPaths = (
			);
			runOnlyForDeploymentPostprocessing = 0;
			shellPath = /bin/sh;
			shellScript = "bash \"${BUILT_PRODUCTS_DIR}/${FRAMEWORKS_FOLDER_PATH}/Realm.framework/strip-frameworks.sh\"";
		};
/* End PBXShellScriptBuildPhase section */

/* Begin PBXSourcesBuildPhase section */
		27E459CA1DDDC56B006099F4 /* Sources */ = {
			isa = PBXSourcesBuildPhase;
			buildActionMask = 2147483647;
			files = (
				2702417C1E203C4E0043CBC3 /* PickQuestionTableViewController.swift in Sources */,
				27C575081E216B9B00AC17EC /* PickedQuestionTableViewCell.swift in Sources */,
				27E459E91DDDC62C006099F4 /* MainMenuViewController.swift in Sources */,
				275EFA681E11635C00CA1309 /* CategoriesTableViewCell.swift in Sources */,
				277203B11E22811200767C8A /* TestsDataBaseTableViewController.swift in Sources */,
				277203BB1E22F40D00767C8A /* TestQuestionsTableViewCell.swift in Sources */,
				27EE27B21E13F0C6001E74BC /* MainTeacherMenuViewController.swift in Sources */,
				275EFA661E115EBD00CA1309 /* SubjectsTableViewCell.swift in Sources */,
				27BFBC801E05EC64009FF425 /* CategoriesTableViewController.swift in Sources */,
				27D972581E296F490053E044 /* StudentAnswer.swift in Sources */,
				270241751E2024930043CBC3 /* Test.swift in Sources */,
				277203B71E22E68200767C8A /* TestDetailsViewController.swift in Sources */,
				27E459EF1DDDD6DF006099F4 /* MainStudentViewController.swift in Sources */,
				270385701DE4E668009D6540 /* Question.swift in Sources */,
				27C575061E215EAC00AC17EC /* TmpPickedQuestions.swift in Sources */,
				270385751DE4FA70009D6540 /* DaoManager.swift in Sources */,
				270241781E2028010043CBC3 /* NewTestViewController.swift in Sources */,
				277203B51E22D85500767C8A /* TestsDataBaseTableViewCell.swift in Sources */,
				27D972541E296E180053E044 /* StudentTest.swift in Sources */,
				277203AF1E227F8E00767C8A /* TestsDataBaseViewController.swift in Sources */,
				27FBD46D1E24F23F00E11B3F /* TPKeyboardAvoidingCollectionView.m in Sources */,
				27E459D21DDDC56C006099F4 /* AppDelegate.swift in Sources */,
				27A4FCBA1E2662F40026FAAF /* ExamTestsViewController.swift in Sources */,
				27FBD46F1E24F23F00E11B3F /* TPKeyboardAvoidingTableView.m in Sources */,
				27FBD46E1E24F23F00E11B3F /* TPKeyboardAvoidingScrollView.m in Sources */,
				277203B91E22F12F00767C8A /* TestQuestionsTableViewController.swift in Sources */,
				272CBE2F1E28E7F2001ACD90 /* TmpPickedTest.swift in Sources */,
				27A4FCBC1E2664320026FAAF /* ExamTestsTableViewController.swift in Sources */,
				27BFBC841E05EC84009FF425 /* AllTableViewController.swift in Sources */,
				270385731DE4FA4C009D6540 /* Answer.swift in Sources */,
				270385791DE78E0E009D6540 /* ExamViewController.swift in Sources */,
				27FBD4701E24F23F00E11B3F /* UIScrollView+TPKeyboardAvoidingAdditions.m in Sources */,
				27A4FCBE1E2665290026FAAF /* ExamTestsTableViewCell.swift in Sources */,
				2792FCD01E12F78100748BF7 /* ShowQuestionViewController.swift in Sources */,
				27CB47951E0673710073BC31 /* TextFieldValidator.swift in Sources */,
				2702417A1E202A0C0043CBC3 /* AddNewTestViewController.swift in Sources */,
				276B10C51E0569340099FBBB /* AddOrEditQuestionViewController.swift in Sources */,
				275EFA6A1E1163CB00CA1309 /* AllTableViewCell.swift in Sources */,
				27BFBC7E1E05EC58009FF425 /* SubjectsTableViewController.swift in Sources */,
				27D972561E296E770053E044 /* StudentQuestion.swift in Sources */,
			);
			runOnlyForDeploymentPostprocessing = 0;
		};
/* End PBXSourcesBuildPhase section */

/* Begin PBXVariantGroup section */
		27E459DD1DDDC56C006099F4 /* LaunchScreen.storyboard */ = {
			isa = PBXVariantGroup;
			children = (
				27E459DE1DDDC56C006099F4 /* Base */,
			);
			name = LaunchScreen.storyboard;
			sourceTree = "<group>";
		};
/* End PBXVariantGroup section */

/* Begin XCBuildConfiguration section */
		27E459E11DDDC56C006099F4 /* Debug */ = {
			isa = XCBuildConfiguration;
			buildSettings = {
				ALWAYS_SEARCH_USER_PATHS = NO;
				CLANG_ANALYZER_NONNULL = YES;
				CLANG_CXX_LANGUAGE_STANDARD = "gnu++0x";
				CLANG_CXX_LIBRARY = "libc++";
				CLANG_ENABLE_MODULES = YES;
				CLANG_ENABLE_OBJC_ARC = YES;
				CLANG_WARN_BOOL_CONVERSION = YES;
				CLANG_WARN_CONSTANT_CONVERSION = YES;
				CLANG_WARN_DIRECT_OBJC_ISA_USAGE = YES_ERROR;
				CLANG_WARN_DOCUMENTATION_COMMENTS = YES;
				CLANG_WARN_EMPTY_BODY = YES;
				CLANG_WARN_ENUM_CONVERSION = YES;
				CLANG_WARN_INFINITE_RECURSION = YES;
				CLANG_WARN_INT_CONVERSION = YES;
				CLANG_WARN_OBJC_ROOT_CLASS = YES_ERROR;
				CLANG_WARN_SUSPICIOUS_MOVE = YES;
				CLANG_WARN_SUSPICIOUS_MOVES = YES;
				CLANG_WARN_UNREACHABLE_CODE = YES;
				CLANG_WARN__DUPLICATE_METHOD_MATCH = YES;
				"CODE_SIGN_IDENTITY[sdk=iphoneos*]" = "iPhone Developer";
				COPY_PHASE_STRIP = NO;
				DEBUG_INFORMATION_FORMAT = dwarf;
				ENABLE_STRICT_OBJC_MSGSEND = YES;
				ENABLE_TESTABILITY = YES;
				GCC_C_LANGUAGE_STANDARD = gnu99;
				GCC_DYNAMIC_NO_PIC = NO;
				GCC_NO_COMMON_BLOCKS = YES;
				GCC_OPTIMIZATION_LEVEL = 0;
				GCC_PREPROCESSOR_DEFINITIONS = (
					"DEBUG=1",
					"$(inherited)",
				);
				GCC_WARN_64_TO_32_BIT_CONVERSION = YES;
				GCC_WARN_ABOUT_RETURN_TYPE = YES_ERROR;
				GCC_WARN_UNDECLARED_SELECTOR = YES;
				GCC_WARN_UNINITIALIZED_AUTOS = YES_AGGRESSIVE;
				GCC_WARN_UNUSED_FUNCTION = YES;
				GCC_WARN_UNUSED_VARIABLE = YES;
				IPHONEOS_DEPLOYMENT_TARGET = 10.1;
				MTL_ENABLE_DEBUG_INFO = YES;
				ONLY_ACTIVE_ARCH = YES;
				SDKROOT = iphoneos;
				SWIFT_ACTIVE_COMPILATION_CONDITIONS = DEBUG;
				SWIFT_OPTIMIZATION_LEVEL = "-Onone";
				TARGETED_DEVICE_FAMILY = "1,2";
			};
			name = Debug;
		};
		27E459E21DDDC56C006099F4 /* Release */ = {
			isa = XCBuildConfiguration;
			buildSettings = {
				ALWAYS_SEARCH_USER_PATHS = NO;
				CLANG_ANALYZER_NONNULL = YES;
				CLANG_CXX_LANGUAGE_STANDARD = "gnu++0x";
				CLANG_CXX_LIBRARY = "libc++";
				CLANG_ENABLE_MODULES = YES;
				CLANG_ENABLE_OBJC_ARC = YES;
				CLANG_WARN_BOOL_CONVERSION = YES;
				CLANG_WARN_CONSTANT_CONVERSION = YES;
				CLANG_WARN_DIRECT_OBJC_ISA_USAGE = YES_ERROR;
				CLANG_WARN_DOCUMENTATION_COMMENTS = YES;
				CLANG_WARN_EMPTY_BODY = YES;
				CLANG_WARN_ENUM_CONVERSION = YES;
				CLANG_WARN_INFINITE_RECURSION = YES;
				CLANG_WARN_INT_CONVERSION = YES;
				CLANG_WARN_OBJC_ROOT_CLASS = YES_ERROR;
				CLANG_WARN_SUSPICIOUS_MOVE = YES;
				CLANG_WARN_SUSPICIOUS_MOVES = YES;
				CLANG_WARN_UNREACHABLE_CODE = YES;
				CLANG_WARN__DUPLICATE_METHOD_MATCH = YES;
				"CODE_SIGN_IDENTITY[sdk=iphoneos*]" = "iPhone Developer";
				COPY_PHASE_STRIP = NO;
				DEBUG_INFORMATION_FORMAT = "dwarf-with-dsym";
				ENABLE_NS_ASSERTIONS = NO;
				ENABLE_STRICT_OBJC_MSGSEND = YES;
				GCC_C_LANGUAGE_STANDARD = gnu99;
				GCC_NO_COMMON_BLOCKS = YES;
				GCC_WARN_64_TO_32_BIT_CONVERSION = YES;
				GCC_WARN_ABOUT_RETURN_TYPE = YES_ERROR;
				GCC_WARN_UNDECLARED_SELECTOR = YES;
				GCC_WARN_UNINITIALIZED_AUTOS = YES_AGGRESSIVE;
				GCC_WARN_UNUSED_FUNCTION = YES;
				GCC_WARN_UNUSED_VARIABLE = YES;
				IPHONEOS_DEPLOYMENT_TARGET = 10.1;
				MTL_ENABLE_DEBUG_INFO = NO;
				SDKROOT = iphoneos;
				SWIFT_OPTIMIZATION_LEVEL = "-Owholemodule";
				TARGETED_DEVICE_FAMILY = "1,2";
				VALIDATE_PRODUCT = YES;
			};
			name = Release;
		};
		27E459E41DDDC56C006099F4 /* Debug */ = {
			isa = XCBuildConfiguration;
			buildSettings = {
				ASSETCATALOG_COMPILER_APPICON_NAME = AppIcon;
				CLANG_ENABLE_MODULES = YES;
				"CODE_SIGN_IDENTITY[sdk=iphoneos*]" = "iPhone Developer";
				DEVELOPMENT_TEAM = SE86J8TG27;
				FRAMEWORK_SEARCH_PATHS = (
					"$(inherited)",
					"$(PROJECT_DIR)",
				);
				INFOPLIST_FILE = "Engineering Thesis/Info.plist";
				IPHONEOS_DEPLOYMENT_TARGET = 10.2;
				LD_RUNPATH_SEARCH_PATHS = "$(inherited) @executable_path/Frameworks";
				PRODUCT_BUNDLE_IDENTIFIER = JakubGac.ET;
				PRODUCT_NAME = "$(TARGET_NAME)";
				SWIFT_OBJC_BRIDGING_HEADER = "Engineering Thesis/Engineering Thesis-Bridging-Header.h";
				SWIFT_OPTIMIZATION_LEVEL = "-Onone";
				SWIFT_VERSION = 3.0;
			};
			name = Debug;
		};
		27E459E51DDDC56C006099F4 /* Release */ = {
			isa = XCBuildConfiguration;
			buildSettings = {
				ASSETCATALOG_COMPILER_APPICON_NAME = AppIcon;
				CLANG_ENABLE_MODULES = YES;
				"CODE_SIGN_IDENTITY[sdk=iphoneos*]" = "iPhone Developer";
				DEVELOPMENT_TEAM = SE86J8TG27;
				FRAMEWORK_SEARCH_PATHS = (
					"$(inherited)",
					"$(PROJECT_DIR)",
				);
				INFOPLIST_FILE = "Engineering Thesis/Info.plist";
				IPHONEOS_DEPLOYMENT_TARGET = 10.2;
				LD_RUNPATH_SEARCH_PATHS = "$(inherited) @executable_path/Frameworks";
				PRODUCT_BUNDLE_IDENTIFIER = JakubGac.ET;
				PRODUCT_NAME = "$(TARGET_NAME)";
				SWIFT_OBJC_BRIDGING_HEADER = "Engineering Thesis/Engineering Thesis-Bridging-Header.h";
				SWIFT_VERSION = 3.0;
			};
			name = Release;
		};
/* End XCBuildConfiguration section */

/* Begin XCConfigurationList section */
		27E459C91DDDC56B006099F4 /* Build configuration list for PBXProject "Engineering Thesis" */ = {
			isa = XCConfigurationList;
			buildConfigurations = (
				27E459E11DDDC56C006099F4 /* Debug */,
				27E459E21DDDC56C006099F4 /* Release */,
			);
			defaultConfigurationIsVisible = 0;
			defaultConfigurationName = Release;
		};
		27E459E31DDDC56C006099F4 /* Build configuration list for PBXNativeTarget "Engineering Thesis" */ = {
			isa = XCConfigurationList;
			buildConfigurations = (
				27E459E41DDDC56C006099F4 /* Debug */,
				27E459E51DDDC56C006099F4 /* Release */,
			);
			defaultConfigurationIsVisible = 0;
			defaultConfigurationName = Release;
		};
/* End XCConfigurationList section */
	};
	rootObject = 27E459C61DDDC56B006099F4 /* Project object */;
}
